
Microsoft Visual Studio Solution File, Format Version 12.00
# Visual Studio 15
VisualStudioVersion = 15.0.26124.0
MinimumVisualStudioVersion = 15.0.26124.0
Project("{FAE04EC0-301F-11D3-BF4B-00C04F79EFBC}") = "api", "api\api.csproj", "{2A22A64C-A13A-4105-924A-D782F219A513}"
EndProject
Project("{FAE04EC0-301F-11D3-BF4B-00C04F79EFBC}") = "test", "test\test.csproj", "{2A3578F3-2271-48D9-A263-7A72A25FB698}"
EndProject
Global
	GlobalSection(SolutionConfigurationPlatforms) = preSolution
		Debug|Any CPU = Debug|Any CPU
		Debug|x64 = Debug|x64
		Debug|x86 = Debug|x86
		Release|Any CPU = Release|Any CPU
		Release|x64 = Release|x64
		Release|x86 = Release|x86
	EndGlobalSection
	GlobalSection(SolutionProperties) = preSolution
		HideSolutionNode = FALSE
	EndGlobalSection
	GlobalSection(ProjectConfigurationPlatforms) = postSolution
		{2A22A64C-A13A-4105-924A-D782F219A513}.Debug|Any CPU.ActiveCfg = Debug|Any CPU
		{2A22A64C-A13A-4105-924A-D782F219A513}.Debug|Any CPU.Build.0 = Debug|Any CPU
		{2A22A64C-A13A-4105-924A-D782F219A513}.Debug|x64.ActiveCfg = Debug|Any CPU
		{2A22A64C-A13A-4105-924A-D782F219A513}.Debug|x64.Build.0 = Debug|Any CPU
		{2A22A64C-A13A-4105-924A-D782F219A513}.Debug|x86.ActiveCfg = Debug|Any CPU
		{2A22A64C-A13A-4105-924A-D782F219A513}.Debug|x86.Build.0 = Debug|Any CPU
		{2A22A64C-A13A-4105-924A-D782F219A513}.Release|Any CPU.ActiveCfg = Release|Any CPU
		{2A22A64C-A13A-4105-924A-D782F219A513}.Release|Any CPU.Build.0 = Release|Any CPU
		{2A22A64C-A13A-4105-924A-D782F219A513}.Release|x64.ActiveCfg = Release|Any CPU
		{2A22A64C-A13A-4105-924A-D782F219A513}.Release|x64.Build.0 = Release|Any CPU
		{2A22A64C-A13A-4105-924A-D782F219A513}.Release|x86.ActiveCfg = Release|Any CPU
		{2A22A64C-A13A-4105-924A-D782F219A513}.Release|x86.Build.0 = Release|Any CPU
		{2A3578F3-2271-48D9-A263-7A72A25FB698}.Debug|Any CPU.ActiveCfg = Debug|Any CPU
		{2A3578F3-2271-48D9-A263-7A72A25FB698}.Debug|Any CPU.Build.0 = Debug|Any CPU
		{2A3578F3-2271-48D9-A263-7A72A25FB698}.Debug|x64.ActiveCfg = Debug|Any CPU
		{2A3578F3-2271-48D9-A263-7A72A25FB698}.Debug|x64.Build.0 = Debug|Any CPU
		{2A3578F3-2271-48D9-A263-7A72A25FB698}.Debug|x86.ActiveCfg = Debug|Any CPU
		{2A3578F3-2271-48D9-A263-7A72A25FB698}.Debug|x86.Build.0 = Debug|Any CPU
		{2A3578F3-2271-48D9-A263-7A72A25FB698}.Release|Any CPU.ActiveCfg = Release|Any CPU
		{2A3578F3-2271-48D9-A263-7A72A25FB698}.Release|Any CPU.Build.0 = Release|Any CPU
		{2A3578F3-2271-48D9-A263-7A72A25FB698}.Release|x64.ActiveCfg = Release|Any CPU
		{2A3578F3-2271-48D9-A263-7A72A25FB698}.Release|x64.Build.0 = Release|Any CPU
		{2A3578F3-2271-48D9-A263-7A72A25FB698}.Release|x86.ActiveCfg = Release|Any CPU
		{2A3578F3-2271-48D9-A263-7A72A25FB698}.Release|x86.Build.0 = Release|Any CPU
	EndGlobalSection
EndGlobal
